
Microsoft Visual Studio Solution File, Format Version 12.00
# Visual Studio 15
VisualStudioVersion = 15.0.28010.2003
MinimumVisualStudioVersion = 10.0.40219.1
Project("{F14B399A-7131-4C87-9E4B-1186C45EF12D}") = "DataAudit", "DataAudit\DataAudit.rptproj", "{3D24F58A-7C30-421D-9099-EAD9A5E78D62}"
EndProject
Project("{F14B399A-7131-4C87-9E4B-1186C45EF12D}") = "Survey", "Survey\Survey.rptproj", "{C96FA2C7-CDA1-41D7-B58B-2FE9694247C9}"
EndProject
Project("{F14B399A-7131-4C87-9E4B-1186C45EF12D}") = "ESP", "ESP\ESP.rptproj", "{D3807EEF-DD27-4781-B0E1-BAC4948882F6}"
EndProject
Project("{F14B399A-7131-4C87-9E4B-1186C45EF12D}") = "Time Tracking", "Time Tracking\Time Tracking.rptproj", "{1B9855B3-284B-4476-833A-7F183F356F7E}"
EndProject
Project("{F14B399A-7131-4C87-9E4B-1186C45EF12D}") = "Time Tracking Archive", "Time Tracking Archive\Time Tracking Archive.rptproj", "{88977BEF-FC6C-4BA0-AF2D-8AA5222712BB}"
EndProject
Global
	GlobalSection(SolutionConfigurationPlatforms) = preSolution
		Debug|Default = Debug|Default
		DebugLocal|Default = DebugLocal|Default
		Release|Default = Release|Default
	EndGlobalSection
	GlobalSection(ProjectConfigurationPlatforms) = postSolution
		{3D24F58A-7C30-421D-9099-EAD9A5E78D62}.Debug|Default.ActiveCfg = Debug
		{3D24F58A-7C30-421D-9099-EAD9A5E78D62}.Debug|Default.Build.0 = Debug
		{3D24F58A-7C30-421D-9099-EAD9A5E78D62}.Debug|Default.Deploy.0 = Debug
		{3D24F58A-7C30-421D-9099-EAD9A5E78D62}.DebugLocal|Default.ActiveCfg = DebugLocal
		{3D24F58A-7C30-421D-9099-EAD9A5E78D62}.DebugLocal|Default.Build.0 = DebugLocal
		{3D24F58A-7C30-421D-9099-EAD9A5E78D62}.Release|Default.ActiveCfg = Release
		{3D24F58A-7C30-421D-9099-EAD9A5E78D62}.Release|Default.Build.0 = Release
		{3D24F58A-7C30-421D-9099-EAD9A5E78D62}.Release|Default.Deploy.0 = Release
		{C96FA2C7-CDA1-41D7-B58B-2FE9694247C9}.Debug|Default.ActiveCfg = Debug
		{C96FA2C7-CDA1-41D7-B58B-2FE9694247C9}.Debug|Default.Build.0 = Debug
		{C96FA2C7-CDA1-41D7-B58B-2FE9694247C9}.Debug|Default.Deploy.0 = Debug
		{C96FA2C7-CDA1-41D7-B58B-2FE9694247C9}.DebugLocal|Default.ActiveCfg = DebugLocal
		{C96FA2C7-CDA1-41D7-B58B-2FE9694247C9}.DebugLocal|Default.Build.0 = DebugLocal
		{C96FA2C7-CDA1-41D7-B58B-2FE9694247C9}.Release|Default.ActiveCfg = Release
		{C96FA2C7-CDA1-41D7-B58B-2FE9694247C9}.Release|Default.Build.0 = Release
		{C96FA2C7-CDA1-41D7-B58B-2FE9694247C9}.Release|Default.Deploy.0 = Release
		{D3807EEF-DD27-4781-B0E1-BAC4948882F6}.Debug|Default.ActiveCfg = Debug
		{D3807EEF-DD27-4781-B0E1-BAC4948882F6}.Debug|Default.Build.0 = Debug
		{D3807EEF-DD27-4781-B0E1-BAC4948882F6}.Debug|Default.Deploy.0 = Debug
		{D3807EEF-DD27-4781-B0E1-BAC4948882F6}.DebugLocal|Default.ActiveCfg = DebugLocal
		{D3807EEF-DD27-4781-B0E1-BAC4948882F6}.DebugLocal|Default.Build.0 = DebugLocal
		{D3807EEF-DD27-4781-B0E1-BAC4948882F6}.DebugLocal|Default.Deploy.0 = DebugLocal
		{D3807EEF-DD27-4781-B0E1-BAC4948882F6}.Release|Default.ActiveCfg = Release
		{D3807EEF-DD27-4781-B0E1-BAC4948882F6}.Release|Default.Build.0 = Release
		{D3807EEF-DD27-4781-B0E1-BAC4948882F6}.Release|Default.Deploy.0 = Release
		{1B9855B3-284B-4476-833A-7F183F356F7E}.Debug|Default.ActiveCfg = Debug
		{1B9855B3-284B-4476-833A-7F183F356F7E}.Debug|Default.Build.0 = Debug
		{1B9855B3-284B-4476-833A-7F183F356F7E}.Debug|Default.Deploy.0 = Debug
		{1B9855B3-284B-4476-833A-7F183F356F7E}.DebugLocal|Default.ActiveCfg = DebugLocal
		{1B9855B3-284B-4476-833A-7F183F356F7E}.DebugLocal|Default.Build.0 = DebugLocal
		{1B9855B3-284B-4476-833A-7F183F356F7E}.Release|Default.ActiveCfg = Release
		{1B9855B3-284B-4476-833A-7F183F356F7E}.Release|Default.Build.0 = Release
		{1B9855B3-284B-4476-833A-7F183F356F7E}.Release|Default.Deploy.0 = Release
		{88977BEF-FC6C-4BA0-AF2D-8AA5222712BB}.Debug|Default.ActiveCfg = Debug
		{88977BEF-FC6C-4BA0-AF2D-8AA5222712BB}.Debug|Default.Build.0 = Debug
		{88977BEF-FC6C-4BA0-AF2D-8AA5222712BB}.Debug|Default.Deploy.0 = Debug
		{88977BEF-FC6C-4BA0-AF2D-8AA5222712BB}.DebugLocal|Default.ActiveCfg = DebugLocal
		{88977BEF-FC6C-4BA0-AF2D-8AA5222712BB}.DebugLocal|Default.Build.0 = DebugLocal
		{88977BEF-FC6C-4BA0-AF2D-8AA5222712BB}.Release|Default.ActiveCfg = Release
		{88977BEF-FC6C-4BA0-AF2D-8AA5222712BB}.Release|Default.Build.0 = Release
		{88977BEF-FC6C-4BA0-AF2D-8AA5222712BB}.Release|Default.Deploy.0 = Release
	EndGlobalSection
	GlobalSection(SolutionProperties) = preSolution
		HideSolutionNode = FALSE
	EndGlobalSection
	GlobalSection(ExtensibilityGlobals) = postSolution
		SolutionGuid = {BC433E39-0EDC-44C4-ADBC-BEF7237344A2}
	EndGlobalSection
EndGlobal
